
Microsoft Visual Studio Solution File, Format Version 12.00
# Visual Studio Version 17
VisualStudioVersion = 17.10.34928.147
MinimumVisualStudioVersion = 10.0.40219.1
Project("{2150E333-8FDC-42A3-9474-1A3956D46DE8}") = "Services", "Services", "{130491B6-1788-4AE8-B86A-7DAB2FF2643E}"
EndProject
Project("{2150E333-8FDC-42A3-9474-1A3956D46DE8}") = "Catalog", "Catalog", "{0BDCC489-AA93-46AD-9022-10EBEB67EA6E}"
EndProject
Project("{FAE04EC0-301F-11D3-BF4B-00C04F79EFBC}") = "Ecommerce.Catalog", "Services\Catalog\Ecommerce.Catalog\Ecommerce.Catalog.csproj", "{2D862857-B252-4C3B-91B0-C2DFBA902215}"
EndProject
Project("{2150E333-8FDC-42A3-9474-1A3956D46DE8}") = "Discount", "Discount", "{02EA681E-C7D8-13C7-8484-4AC65E1B71E8}"
EndProject
Project("{FAE04EC0-301F-11D3-BF4B-00C04F79EFBC}") = "Ecommerce.Discount", "Services\Discount\Ecommerce.Discount\Ecommerce.Discount.csproj", "{3BD47CD9-29EE-413A-8537-0E0445607162}"
EndProject
Project("{2150E333-8FDC-42A3-9474-1A3956D46DE8}") = "Order", "Order", "{7C480C22-F889-454B-8083-830767538EAF}"
EndProject
Project("{2150E333-8FDC-42A3-9474-1A3956D46DE8}") = "Core", "Core", "{86A0AB41-5354-4116-8CC9-5A33686880EC}"
EndProject
Project("{2150E333-8FDC-42A3-9474-1A3956D46DE8}") = "Infrastructure", "Infrastructure", "{A842E9AC-F1D2-4DB0-9438-731DF1B6DF79}"
EndProject
Project("{FAE04EC0-301F-11D3-BF4B-00C04F79EFBC}") = "Ecommerce.Order.Application", "Services\Order\Core\Ecommerce.Order.Application\Ecommerce.Order.Application.csproj", "{6CBB4D12-5914-4D38-81E3-1E9F261EB9BC}"
EndProject
Project("{FAE04EC0-301F-11D3-BF4B-00C04F79EFBC}") = "Ecommerce.Order.Persistence", "Services\Order\Infrastructure\Ecommerce.Order.Persistence\Ecommerce.Order.Persistence.csproj", "{2BB7D386-BDB5-4D48-AFBE-E85B3A232C02}"
EndProject
Project("{FAE04EC0-301F-11D3-BF4B-00C04F79EFBC}") = "Ecommerce.Order.Domain", "Services\Order\Core\Ecommerce.Order.Domain\Ecommerce.Order.Domain.csproj", "{140E2B2C-CBC5-44B1-B431-CA3909A248C2}"
EndProject
Project("{2150E333-8FDC-42A3-9474-1A3956D46DE8}") = "Presentation", "Presentation", "{C690F9BF-A535-4CBA-AAD0-33AAEE205CBD}"
EndProject
Project("{FAE04EC0-301F-11D3-BF4B-00C04F79EFBC}") = "Ecommerce.Order.WebApi", "Services\Order\Presentation\Ecommerce.Order.WebApi\Ecommerce.Order.WebApi.csproj", "{9617F05A-83CD-48B2-B177-EB037987A22B}"
EndProject
Global
	GlobalSection(SolutionConfigurationPlatforms) = preSolution
		Debug|Any CPU = Debug|Any CPU
		Release|Any CPU = Release|Any CPU
	EndGlobalSection
	GlobalSection(ProjectConfigurationPlatforms) = postSolution
		{2D862857-B252-4C3B-91B0-C2DFBA902215}.Debug|Any CPU.ActiveCfg = Debug|Any CPU
		{2D862857-B252-4C3B-91B0-C2DFBA902215}.Debug|Any CPU.Build.0 = Debug|Any CPU
		{2D862857-B252-4C3B-91B0-C2DFBA902215}.Release|Any CPU.ActiveCfg = Release|Any CPU
		{2D862857-B252-4C3B-91B0-C2DFBA902215}.Release|Any CPU.Build.0 = Release|Any CPU
		{3BD47CD9-29EE-413A-8537-0E0445607162}.Debug|Any CPU.ActiveCfg = Debug|Any CPU
		{3BD47CD9-29EE-413A-8537-0E0445607162}.Debug|Any CPU.Build.0 = Debug|Any CPU
		{3BD47CD9-29EE-413A-8537-0E0445607162}.Release|Any CPU.ActiveCfg = Release|Any CPU
		{3BD47CD9-29EE-413A-8537-0E0445607162}.Release|Any CPU.Build.0 = Release|Any CPU
		{6CBB4D12-5914-4D38-81E3-1E9F261EB9BC}.Debug|Any CPU.ActiveCfg = Debug|Any CPU
		{6CBB4D12-5914-4D38-81E3-1E9F261EB9BC}.Debug|Any CPU.Build.0 = Debug|Any CPU
		{6CBB4D12-5914-4D38-81E3-1E9F261EB9BC}.Release|Any CPU.ActiveCfg = Release|Any CPU
		{6CBB4D12-5914-4D38-81E3-1E9F261EB9BC}.Release|Any CPU.Build.0 = Release|Any CPU
		{2BB7D386-BDB5-4D48-AFBE-E85B3A232C02}.Debug|Any CPU.ActiveCfg = Debug|Any CPU
		{2BB7D386-BDB5-4D48-AFBE-E85B3A232C02}.Debug|Any CPU.Build.0 = Debug|Any CPU
		{2BB7D386-BDB5-4D48-AFBE-E85B3A232C02}.Release|Any CPU.ActiveCfg = Release|Any CPU
		{2BB7D386-BDB5-4D48-AFBE-E85B3A232C02}.Release|Any CPU.Build.0 = Release|Any CPU
		{140E2B2C-CBC5-44B1-B431-CA3909A248C2}.Debug|Any CPU.ActiveCfg = Debug|Any CPU
		{140E2B2C-CBC5-44B1-B431-CA3909A248C2}.Debug|Any CPU.Build.0 = Debug|Any CPU
		{140E2B2C-CBC5-44B1-B431-CA3909A248C2}.Release|Any CPU.ActiveCfg = Release|Any CPU
		{140E2B2C-CBC5-44B1-B431-CA3909A248C2}.Release|Any CPU.Build.0 = Release|Any CPU
		{9617F05A-83CD-48B2-B177-EB037987A22B}.Debug|Any CPU.ActiveCfg = Debug|Any CPU
		{9617F05A-83CD-48B2-B177-EB037987A22B}.Debug|Any CPU.Build.0 = Debug|Any CPU
		{9617F05A-83CD-48B2-B177-EB037987A22B}.Release|Any CPU.ActiveCfg = Release|Any CPU
		{9617F05A-83CD-48B2-B177-EB037987A22B}.Release|Any CPU.Build.0 = Release|Any CPU
	EndGlobalSection
	GlobalSection(SolutionProperties) = preSolution
		HideSolutionNode = FALSE
	EndGlobalSection
	GlobalSection(NestedProjects) = preSolution
		{0BDCC489-AA93-46AD-9022-10EBEB67EA6E} = {130491B6-1788-4AE8-B86A-7DAB2FF2643E}
		{2D862857-B252-4C3B-91B0-C2DFBA902215} = {0BDCC489-AA93-46AD-9022-10EBEB67EA6E}
		{02EA681E-C7D8-13C7-8484-4AC65E1B71E8} = {130491B6-1788-4AE8-B86A-7DAB2FF2643E}
		{3BD47CD9-29EE-413A-8537-0E0445607162} = {02EA681E-C7D8-13C7-8484-4AC65E1B71E8}
		{7C480C22-F889-454B-8083-830767538EAF} = {130491B6-1788-4AE8-B86A-7DAB2FF2643E}
		{86A0AB41-5354-4116-8CC9-5A33686880EC} = {7C480C22-F889-454B-8083-830767538EAF}
		{A842E9AC-F1D2-4DB0-9438-731DF1B6DF79} = {7C480C22-F889-454B-8083-830767538EAF}
		{6CBB4D12-5914-4D38-81E3-1E9F261EB9BC} = {86A0AB41-5354-4116-8CC9-5A33686880EC}
		{2BB7D386-BDB5-4D48-AFBE-E85B3A232C02} = {A842E9AC-F1D2-4DB0-9438-731DF1B6DF79}
		{140E2B2C-CBC5-44B1-B431-CA3909A248C2} = {86A0AB41-5354-4116-8CC9-5A33686880EC}
		{C690F9BF-A535-4CBA-AAD0-33AAEE205CBD} = {7C480C22-F889-454B-8083-830767538EAF}
		{9617F05A-83CD-48B2-B177-EB037987A22B} = {C690F9BF-A535-4CBA-AAD0-33AAEE205CBD}
	EndGlobalSection
	GlobalSection(ExtensibilityGlobals) = postSolution
		SolutionGuid = {7C712C5E-1F1A-4829-9FDA-AC569A22ABFB}
	EndGlobalSection
EndGlobal
